// !$*UTF8*$!
{
	archiveVersion = 1;
	classes = {
	};
	objectVersion = 56;
	objects = {

/* Begin PBXBuildFile section */
		AB109CBA2B533ABA00634389 /* PhoneNumberKit in Frameworks */ = {isa = PBXBuildFile; productRef = AB109CB92B533ABA00634389 /* PhoneNumberKit */; };
		AB3435ED2B56F3EE001D4B4A /* SplashScreen.swift in Sources */ = {isa = PBXBuildFile; fileRef = AB3435EC2B56F3EE001D4B4A /* SplashScreen.swift */; };
		AB48CECA2B60E7D400FA6702 /* HomePageView.swift in Sources */ = {isa = PBXBuildFile; fileRef = AB48CEC92B60E7D400FA6702 /* HomePageView.swift */; };
		AB6CA9812B5D034600C445F6 /* VerificationView.swift in Sources */ = {isa = PBXBuildFile; fileRef = AB6CA9802B5D034600C445F6 /* VerificationView.swift */; };
		ABA0A5022B51DC2F00A8B7BA /* PiggyBankApp.swift in Sources */ = {isa = PBXBuildFile; fileRef = ABA0A5012B51DC2F00A8B7BA /* PiggyBankApp.swift */; };
		ABA0A5042B51DC2F00A8B7BA /* ContentView.swift in Sources */ = {isa = PBXBuildFile; fileRef = ABA0A5032B51DC2F00A8B7BA /* ContentView.swift */; };
		ABA0A5062B51DC3200A8B7BA /* Assets.xcassets in Resources */ = {isa = PBXBuildFile; fileRef = ABA0A5052B51DC3200A8B7BA /* Assets.xcassets */; };
		ABA0A5092B51DC3200A8B7BA /* Preview Assets.xcassets in Resources */ = {isa = PBXBuildFile; fileRef = ABA0A5082B51DC3200A8B7BA /* Preview Assets.xcassets */; };
		ABD9467D2B5534FD0087A507 /* CandyBeans.otf in Resources */ = {isa = PBXBuildFile; fileRef = ABD9467A2B5534FD0087A507 /* CandyBeans.otf */; };
		ABD9467E2B5534FD0087A507 /* Get Commercial License.url in Resources */ = {isa = PBXBuildFile; fileRef = ABD9467B2B5534FD0087A507 /* Get Commercial License.url */; };
		ABD9467F2B5534FD0087A507 /* FSLA_NonCommercial_License.html in Resources */ = {isa = PBXBuildFile; fileRef = ABD9467C2B5534FD0087A507 /* FSLA_NonCommercial_License.html */; };
		ABF4E4372B60BC8700A7D5FD /* Api.swift in Sources */ = {isa = PBXBuildFile; fileRef = ABF4E4362B60BC8700A7D5FD /* Api.swift */; };
/* End PBXBuildFile section */

/* Begin PBXFileReference section */
		AB3435EC2B56F3EE001D4B4A /* SplashScreen.swift */ = {isa = PBXFileReference; lastKnownFileType = sourcecode.swift; path = SplashScreen.swift; sourceTree = "<group>"; };
		AB48CEC92B60E7D400FA6702 /* HomePageView.swift */ = {isa = PBXFileReference; lastKnownFileType = sourcecode.swift; path = HomePageView.swift; sourceTree = "<group>"; };
		AB6CA9802B5D034600C445F6 /* VerificationView.swift */ = {isa = PBXFileReference; lastKnownFileType = sourcecode.swift; path = VerificationView.swift; sourceTree = "<group>"; };
		ABA0A4FE2B51DC2F00A8B7BA /* PiggyBank.app */ = {isa = PBXFileReference; explicitFileType = wrapper.application; includeInIndex = 0; path = PiggyBank.app; sourceTree = BUILT_PRODUCTS_DIR; };
		ABA0A5012B51DC2F00A8B7BA /* PiggyBankApp.swift */ = {isa = PBXFileReference; lastKnownFileType = sourcecode.swift; path = PiggyBankApp.swift; sourceTree = "<group>"; };
		ABA0A5032B51DC2F00A8B7BA /* ContentView.swift */ = {isa = PBXFileReference; lastKnownFileType = sourcecode.swift; path = ContentView.swift; sourceTree = "<group>"; };
		ABA0A5052B51DC3200A8B7BA /* Assets.xcassets */ = {isa = PBXFileReference; lastKnownFileType = folder.assetcatalog; path = Assets.xcassets; sourceTree = "<group>"; };
		ABA0A5082B51DC3200A8B7BA /* Preview Assets.xcassets */ = {isa = PBXFileReference; lastKnownFileType = folder.assetcatalog; path = "Preview Assets.xcassets"; sourceTree = "<group>"; };
		ABD9467A2B5534FD0087A507 /* CandyBeans.otf */ = {isa = PBXFileReference; lastKnownFileType = file; path = CandyBeans.otf; sourceTree = "<group>"; };
		ABD9467B2B5534FD0087A507 /* Get Commercial License.url */ = {isa = PBXFileReference; fileEncoding = 4; lastKnownFileType = text; path = "Get Commercial License.url"; sourceTree = "<group>"; };
		ABD9467C2B5534FD0087A507 /* FSLA_NonCommercial_License.html */ = {isa = PBXFileReference; fileEncoding = 4; lastKnownFileType = text.html; path = FSLA_NonCommercial_License.html; sourceTree = "<group>"; };
		ABD946802B55374D0087A507 /* Info.plist */ = {isa = PBXFileReference; lastKnownFileType = text.plist; path = Info.plist; sourceTree = "<group>"; };
		ABF4E4362B60BC8700A7D5FD /* Api.swift */ = {isa = PBXFileReference; fileEncoding = 4; lastKnownFileType = sourcecode.swift; path = Api.swift; sourceTree = "<group>"; };
/* End PBXFileReference section */

/* Begin PBXFrameworksBuildPhase section */
		ABA0A4FB2B51DC2F00A8B7BA /* Frameworks */ = {
			isa = PBXFrameworksBuildPhase;
			buildActionMask = 2147483647;
			files = (
				AB109CBA2B533ABA00634389 /* PhoneNumberKit in Frameworks */,
			);
			runOnlyForDeploymentPostprocessing = 0;
		};
/* End PBXFrameworksBuildPhase section */

/* Begin PBXGroup section */
		ABA0A4F52B51DC2F00A8B7BA = {
			isa = PBXGroup;
			children = (
				ABA0A5002B51DC2F00A8B7BA /* PiggyBank */,
				ABA0A4FF2B51DC2F00A8B7BA /* Products */,
			);
			sourceTree = "<group>";
		};
		ABA0A4FF2B51DC2F00A8B7BA /* Products */ = {
			isa = PBXGroup;
			children = (
				ABA0A4FE2B51DC2F00A8B7BA /* PiggyBank.app */,
			);
			name = Products;
			sourceTree = "<group>";
		};
		ABA0A5002B51DC2F00A8B7BA /* PiggyBank */ = {
			isa = PBXGroup;
			children = (
				ABD946802B55374D0087A507 /* Info.plist */,
				ABA0A5012B51DC2F00A8B7BA /* PiggyBankApp.swift */,
				ABA0A5032B51DC2F00A8B7BA /* ContentView.swift */,
				ABF4E4362B60BC8700A7D5FD /* Api.swift */,
				AB48CEC92B60E7D400FA6702 /* HomePageView.swift */,
				AB6CA9802B5D034600C445F6 /* VerificationView.swift */,
				AB3435EC2B56F3EE001D4B4A /* SplashScreen.swift */,
				ABD946792B5534FD0087A507 /* Fonts */,
				ABA0A5052B51DC3200A8B7BA /* Assets.xcassets */,
				ABA0A5072B51DC3200A8B7BA /* Preview Content */,
			);
			path = PiggyBank;
			sourceTree = "<group>";
		};
		ABA0A5072B51DC3200A8B7BA /* Preview Content */ = {
			isa = PBXGroup;
			children = (
				ABA0A5082B51DC3200A8B7BA /* Preview Assets.xcassets */,
			);
			path = "Preview Content";
			sourceTree = "<group>";
		};
		ABD946792B5534FD0087A507 /* Fonts */ = {
			isa = PBXGroup;
			children = (
				ABD9467A2B5534FD0087A507 /* CandyBeans.otf */,
				ABD9467B2B5534FD0087A507 /* Get Commercial License.url */,
				ABD9467C2B5534FD0087A507 /* FSLA_NonCommercial_License.html */,
			);
			path = Fonts;
			sourceTree = "<group>";
		};
/* End PBXGroup section */

/* Begin PBXNativeTarget section */
		ABA0A4FD2B51DC2F00A8B7BA /* PiggyBank */ = {
			isa = PBXNativeTarget;
			buildConfigurationList = ABA0A50C2B51DC3200A8B7BA /* Build configuration list for PBXNativeTarget "PiggyBank" */;
			buildPhases = (
				ABA0A4FA2B51DC2F00A8B7BA /* Sources */,
				ABA0A4FB2B51DC2F00A8B7BA /* Frameworks */,
				ABA0A4FC2B51DC2F00A8B7BA /* Resources */,
			);
			buildRules = (
			);
			dependencies = (
			);
			name = PiggyBank;
			packageProductDependencies = (
				AB109CB92B533ABA00634389 /* PhoneNumberKit */,
			);
			productName = PiggyBank;
			productReference = ABA0A4FE2B51DC2F00A8B7BA /* PiggyBank.app */;
			productType = "com.apple.product-type.application";
		};
/* End PBXNativeTarget section */

/* Begin PBXProject section */
		ABA0A4F62B51DC2F00A8B7BA /* Project object */ = {
			isa = PBXProject;
			attributes = {
				BuildIndependentTargetsInParallel = 1;
				LastSwiftUpdateCheck = 1500;
				LastUpgradeCheck = 1500;
				TargetAttributes = {
					ABA0A4FD2B51DC2F00A8B7BA = {
						CreatedOnToolsVersion = 15.0;
					};
				};
			};
			buildConfigurationList = ABA0A4F92B51DC2F00A8B7BA /* Build configuration list for PBXProject "PiggyBank" */;
			compatibilityVersion = "Xcode 14.0";
			developmentRegion = en;
			hasScannedForEncodings = 0;
			knownRegions = (
				en,
				Base,
			);
			mainGroup = ABA0A4F52B51DC2F00A8B7BA;
			packageReferences = (
				AB109CB82B533ABA00634389 /* XCRemoteSwiftPackageReference "PhoneNumberKit" */,
			);
			productRefGroup = ABA0A4FF2B51DC2F00A8B7BA /* Products */;
			projectDirPath = "";
			projectRoot = "";
			targets = (
				ABA0A4FD2B51DC2F00A8B7BA /* PiggyBank */,
			);
		};
/* End PBXProject section */

/* Begin PBXResourcesBuildPhase section */
		ABA0A4FC2B51DC2F00A8B7BA /* Resources */ = {
			isa = PBXResourcesBuildPhase;
			buildActionMask = 2147483647;
			files = (
				ABD9467D2B5534FD0087A507 /* CandyBeans.otf in Resources */,
				ABA0A5092B51DC3200A8B7BA /* Preview Assets.xcassets in Resources */,
				ABD9467E2B5534FD0087A507 /* Get Commercial License.url in Resources */,
				ABD9467F2B5534FD0087A507 /* FSLA_NonCommercial_License.html in Resources */,
				ABA0A5062B51DC3200A8B7BA /* Assets.xcassets in Resources */,
			);
			runOnlyForDeploymentPostprocessing = 0;
		};
/* End PBXResourcesBuildPhase section */

/* Begin PBXSourcesBuildPhase section */
		ABA0A4FA2B51DC2F00A8B7BA /* Sources */ = {
			isa = PBXSourcesBuildPhase;
			buildActionMask = 2147483647;
			files = (
				AB3435ED2B56F3EE001D4B4A /* SplashScreen.swift in Sources */,
				ABA0A5042B51DC2F00A8B7BA /* ContentView.swift in Sources */,
				ABA0A5022B51DC2F00A8B7BA /* PiggyBankApp.swift in Sources */,
				ABF4E4372B60BC8700A7D5FD /* Api.swift in Sources */,
				AB48CECA2B60E7D400FA6702 /* HomePageView.swift in Sources */,
				AB6CA9812B5D034600C445F6 /* VerificationView.swift in Sources */,
			);
			runOnlyForDeploymentPostprocessing = 0;
		};
/* End PBXSourcesBuildPhase section */

/* Begin XCBuildConfiguration section */
		ABA0A50A2B51DC3200A8B7BA /* Debug */ = {
			isa = XCBuildConfiguration;
			buildSettings = {
				ALWAYS_SEARCH_USER_PATHS = NO;
				ASSETCATALOG_COMPILER_GENERATE_SWIFT_ASSET_SYMBOL_EXTENSIONS = YES;
				CLANG_ANALYZER_NONNULL = YES;
				CLANG_ANALYZER_NUMBER_OBJECT_CONVERSION = YES_AGGRESSIVE;
				CLANG_CXX_LANGUAGE_STANDARD = "gnu++20";
				CLANG_ENABLE_MODULES = YES;
				CLANG_ENABLE_OBJC_ARC = YES;
				CLANG_ENABLE_OBJC_WEAK = YES;
				CLANG_WARN_BLOCK_CAPTURE_AUTORELEASING = YES;
				CLANG_WARN_BOOL_CONVERSION = YES;
				CLANG_WARN_COMMA = YES;
				CLANG_WARN_CONSTANT_CONVERSION = YES;
				CLANG_WARN_DEPRECATED_OBJC_IMPLEMENTATIONS = YES;
				CLANG_WARN_DIRECT_OBJC_ISA_USAGE = YES_ERROR;
				CLANG_WARN_DOCUMENTATION_COMMENTS = YES;
				CLANG_WARN_EMPTY_BODY = YES;
				CLANG_WARN_ENUM_CONVERSION = YES;
				CLANG_WARN_INFINITE_RECURSION = YES;
				CLANG_WARN_INT_CONVERSION = YES;
				CLANG_WARN_NON_LITERAL_NULL_CONVERSION = YES;
				CLANG_WARN_OBJC_IMPLICIT_RETAIN_SELF = YES;
				CLANG_WARN_OBJC_LITERAL_CONVERSION = YES;
				CLANG_WARN_OBJC_ROOT_CLASS = YES_ERROR;
				CLANG_WARN_QUOTED_INCLUDE_IN_FRAMEWORK_HEADER = YES;
				CLANG_WARN_RANGE_LOOP_ANALYSIS = YES;
				CLANG_WARN_STRICT_PROTOTYPES = YES;
				CLANG_WARN_SUSPICIOUS_MOVE = YES;
				CLANG_WARN_UNGUARDED_AVAILABILITY = YES_AGGRESSIVE;
				CLANG_WARN_UNREACHABLE_CODE = YES;
				CLANG_WARN__DUPLICATE_METHOD_MATCH = YES;
				COPY_PHASE_STRIP = NO;
				DEBUG_INFORMATION_FORMAT = dwarf;
				ENABLE_STRICT_OBJC_MSGSEND = YES;
				ENABLE_TESTABILITY = YES;
				ENABLE_USER_SCRIPT_SANDBOXING = YES;
				GCC_C_LANGUAGE_STANDARD = gnu17;
				GCC_DYNAMIC_NO_PIC = NO;
				GCC_NO_COMMON_BLOCKS = YES;
				GCC_OPTIMIZATION_LEVEL = 0;
				GCC_PREPROCESSOR_DEFINITIONS = (
					"DEBUG=1",
					"$(inherited)",
				);
				GCC_WARN_64_TO_32_BIT_CONVERSION = YES;
				GCC_WARN_ABOUT_RETURN_TYPE = YES_ERROR;
				GCC_WARN_UNDECLARED_SELECTOR = YES;
				GCC_WARN_UNINITIALIZED_AUTOS = YES_AGGRESSIVE;
				GCC_WARN_UNUSED_FUNCTION = YES;
				GCC_WARN_UNUSED_VARIABLE = YES;
				IPHONEOS_DEPLOYMENT_TARGET = 17.0;
				LOCALIZATION_PREFERS_STRING_CATALOGS = YES;
				MTL_ENABLE_DEBUG_INFO = INCLUDE_SOURCE;
				MTL_FAST_MATH = YES;
				ONLY_ACTIVE_ARCH = YES;
				SDKROOT = iphoneos;
				SWIFT_ACTIVE_COMPILATION_CONDITIONS = "DEBUG $(inherited)";
				SWIFT_OPTIMIZATION_LEVEL = "-Onone";
			};
			name = Debug;
		};
		ABA0A50B2B51DC3200A8B7BA /* Release */ = {
			isa = XCBuildConfiguration;
			buildSettings = {
				ALWAYS_SEARCH_USER_PATHS = NO;
				ASSETCATALOG_COMPILER_GENERATE_SWIFT_ASSET_SYMBOL_EXTENSIONS = YES;
				CLANG_ANALYZER_NONNULL = YES;
				CLANG_ANALYZER_NUMBER_OBJECT_CONVERSION = YES_AGGRESSIVE;
				CLANG_CXX_LANGUAGE_STANDARD = "gnu++20";
				CLANG_ENABLE_MODULES = YES;
				CLANG_ENABLE_OBJC_ARC = YES;
				CLANG_ENABLE_OBJC_WEAK = YES;
				CLANG_WARN_BLOCK_CAPTURE_AUTORELEASING = YES;
				CLANG_WARN_BOOL_CONVERSION = YES;
				CLANG_WARN_COMMA = YES;
				CLANG_WARN_CONSTANT_CONVERSION = YES;
				CLANG_WARN_DEPRECATED_OBJC_IMPLEMENTATIONS = YES;
				CLANG_WARN_DIRECT_OBJC_ISA_USAGE = YES_ERROR;
				CLANG_WARN_DOCUMENTATION_COMMENTS = YES;
				CLANG_WARN_EMPTY_BODY = YES;
				CLANG_WARN_ENUM_CONVERSION = YES;
				CLANG_WARN_INFINITE_RECURSION = YES;
				CLANG_WARN_INT_CONVERSION = YES;
				CLANG_WARN_NON_LITERAL_NULL_CONVERSION = YES;
				CLANG_WARN_OBJC_IMPLICIT_RETAIN_SELF = YES;
				CLANG_WARN_OBJC_LITERAL_CONVERSION = YES;
				CLANG_WARN_OBJC_ROOT_CLASS = YES_ERROR;
				CLANG_WARN_QUOTED_INCLUDE_IN_FRAMEWORK_HEADER = YES;
				CLANG_WARN_RANGE_LOOP_ANALYSIS = YES;
				CLANG_WARN_STRICT_PROTOTYPES = YES;
				CLANG_WARN_SUSPICIOUS_MOVE = YES;
				CLANG_WARN_UNGUARDED_AVAILABILITY = YES_AGGRESSIVE;
				CLANG_WARN_UNREACHABLE_CODE = YES;
				CLANG_WARN__DUPLICATE_METHOD_MATCH = YES;
				COPY_PHASE_STRIP = NO;
				DEBUG_INFORMATION_FORMAT = "dwarf-with-dsym";
				ENABLE_NS_ASSERTIONS = NO;
				ENABLE_STRICT_OBJC_MSGSEND = YES;
				ENABLE_USER_SCRIPT_SANDBOXING = YES;
				GCC_C_LANGUAGE_STANDARD = gnu17;
				GCC_NO_COMMON_BLOCKS = YES;
				GCC_WARN_64_TO_32_BIT_CONVERSION = YES;
				GCC_WARN_ABOUT_RETURN_TYPE = YES_ERROR;
				GCC_WARN_UNDECLARED_SELECTOR = YES;
				GCC_WARN_UNINITIALIZED_AUTOS = YES_AGGRESSIVE;
				GCC_WARN_UNUSED_FUNCTION = YES;
				GCC_WARN_UNUSED_VARIABLE = YES;
				IPHONEOS_DEPLOYMENT_TARGET = 17.0;
				LOCALIZATION_PREFERS_STRING_CATALOGS = YES;
				MTL_ENABLE_DEBUG_INFO = NO;
				MTL_FAST_MATH = YES;
				SDKROOT = iphoneos;
				SWIFT_COMPILATION_MODE = wholemodule;
				VALIDATE_PRODUCT = YES;
			};
			name = Release;
		};
		ABA0A50D2B51DC3200A8B7BA /* Debug */ = {
			isa = XCBuildConfiguration;
			buildSettings = {
				ASSETCATALOG_COMPILER_APPICON_NAME = "PiggyBank App Icon";
				ASSETCATALOG_COMPILER_GLOBAL_ACCENT_COLOR_NAME = AccentColor;
				CODE_SIGN_STYLE = Automatic;
				CURRENT_PROJECT_VERSION = 1;
				DEVELOPMENT_ASSET_PATHS = "\"PiggyBank/Preview Content\"";
				DEVELOPMENT_TEAM = LK4997QHS7;
				ENABLE_PREVIEWS = YES;
				GENERATE_INFOPLIST_FILE = YES;
				INFOPLIST_FILE = PiggyBank/Info.plist;
				INFOPLIST_KEY_LSApplicationCategoryType = "";
				INFOPLIST_KEY_UIApplicationSceneManifest_Generation = YES;
				INFOPLIST_KEY_UIApplicationSupportsIndirectInputEvents = YES;
				INFOPLIST_KEY_UILaunchScreen_Generation = YES;
				INFOPLIST_KEY_UILaunchStoryboardName = SplashScreen;
				INFOPLIST_KEY_UISupportedInterfaceOrientations_iPad = "UIInterfaceOrientationPortrait UIInterfaceOrientationPortraitUpsideDown UIInterfaceOrientationLandscapeLeft UIInterfaceOrientationLandscapeRight";
				INFOPLIST_KEY_UISupportedInterfaceOrientations_iPhone = "UIInterfaceOrientationPortrait UIInterfaceOrientationLandscapeLeft UIInterfaceOrientationLandscapeRight";
				INFOPLIST_KEY_UIUserInterfaceStyle = Light;
				LD_RUNPATH_SEARCH_PATHS = (
					"$(inherited)",
					"@executable_path/Frameworks",
				);
				MARKETING_VERSION = 1.0;
				PRODUCT_BUNDLE_IDENTIFIER = com.macintAsh.PiggyBank;
				PRODUCT_NAME = "$(TARGET_NAME)";
				SWIFT_EMIT_LOC_STRINGS = YES;
				SWIFT_VERSION = 5.0;
				TARGETED_DEVICE_FAMILY = "1,2";
			};
			name = Debug;
		};
		ABA0A50E2B51DC3200A8B7BA /* Release */ = {
			isa = XCBuildConfiguration;
			buildSettings = {
				ASSETCATALOG_COMPILER_APPICON_NAME = "PiggyBank App Icon";
				ASSETCATALOG_COMPILER_GLOBAL_ACCENT_COLOR_NAME = AccentColor;
				CODE_SIGN_STYLE = Automatic;
				CURRENT_PROJECT_VERSION = 1;
				DEVELOPMENT_ASSET_PATHS = "\"PiggyBank/Preview Content\"";
				DEVELOPMENT_TEAM = LK4997QHS7;
				ENABLE_PREVIEWS = YES;
				GENERATE_INFOPLIST_FILE = YES;
				INFOPLIST_FILE = PiggyBank/Info.plist;
				INFOPLIST_KEY_LSApplicationCategoryType = "";
				INFOPLIST_KEY_UIApplicationSceneManifest_Generation = YES;
				INFOPLIST_KEY_UIApplicationSupportsIndirectInputEvents = YES;
				INFOPLIST_KEY_UILaunchScreen_Generation = YES;
				INFOPLIST_KEY_UILaunchStoryboardName = SplashScreen;
				INFOPLIST_KEY_UISupportedInterfaceOrientations_iPad = "UIInterfaceOrientationPortrait UIInterfaceOrientationPortraitUpsideDown UIInterfaceOrientationLandscapeLeft UIInterfaceOrientationLandscapeRight";
				INFOPLIST_KEY_UISupportedInterfaceOrientations_iPhone = "UIInterfaceOrientationPortrait UIInterfaceOrientationLandscapeLeft UIInterfaceOrientationLandscapeRight";
				INFOPLIST_KEY_UIUserInterfaceStyle = Light;
				LD_RUNPATH_SEARCH_PATHS = (
					"$(inherited)",
					"@executable_path/Frameworks",
				);
				MARKETING_VERSION = 1.0;
				PRODUCT_BUNDLE_IDENTIFIER = com.macintAsh.PiggyBank;
				PRODUCT_NAME = "$(TARGET_NAME)";
				SWIFT_EMIT_LOC_STRINGS = YES;
				SWIFT_VERSION = 5.0;
				TARGETED_DEVICE_FAMILY = "1,2";
			};
			name = Release;
		};
/* End XCBuildConfiguration section */

/* Begin XCConfigurationList section */
		ABA0A4F92B51DC2F00A8B7BA /* Build configuration list for PBXProject "PiggyBank" */ = {
			isa = XCConfigurationList;
			buildConfigurations = (
				ABA0A50A2B51DC3200A8B7BA /* Debug */,
				ABA0A50B2B51DC3200A8B7BA /* Release */,
			);
			defaultConfigurationIsVisible = 0;
			defaultConfigurationName = Release;
		};
		ABA0A50C2B51DC3200A8B7BA /* Build configuration list for PBXNativeTarget "PiggyBank" */ = {
			isa = XCConfigurationList;
			buildConfigurations = (
				ABA0A50D2B51DC3200A8B7BA /* Debug */,
				ABA0A50E2B51DC3200A8B7BA /* Release */,
			);
			defaultConfigurationIsVisible = 0;
			defaultConfigurationName = Release;
		};
/* End XCConfigurationList section */

/* Begin XCRemoteSwiftPackageReference section */
		AB109CB82B533ABA00634389 /* XCRemoteSwiftPackageReference "PhoneNumberKit" */ = {
			isa = XCRemoteSwiftPackageReference;
			repositoryURL = "https://github.com/marmelroy/PhoneNumberKit.git";
			requirement = {
				kind = upToNextMajorVersion;
				minimumVersion = 3.7.0;
			};
		};
/* End XCRemoteSwiftPackageReference section */

/* Begin XCSwiftPackageProductDependency section */
		AB109CB92B533ABA00634389 /* PhoneNumberKit */ = {
			isa = XCSwiftPackageProductDependency;
			package = AB109CB82B533ABA00634389 /* XCRemoteSwiftPackageReference "PhoneNumberKit" */;
			productName = PhoneNumberKit;
		};
/* End XCSwiftPackageProductDependency section */
	};
	rootObject = ABA0A4F62B51DC2F00A8B7BA /* Project object */;
}
